
Microsoft Visual Studio Solution File, Format Version 12.00
# Visual Studio Version 16
VisualStudioVersion = 16.0.31229.75
MinimumVisualStudioVersion = 10.0.40219.1
Project("{9A19103F-16F7-4668-BE54-9A1E7A4F7556}") = "VaccineApp", "VaccineApp\VaccineApp.csproj", "{B9139FD5-29CB-4E17-B38D-5463464229AF}"
EndProject
Project("{FAE04EC0-301F-11D3-BF4B-00C04F79EFBC}") = "VaccineApp.Tests", "VaccineApp.Tests\VaccineApp.Tests.csproj", "{C01A8749-B06F-4C87-83E8-9B3B647AA242}"
EndProject
Global
	GlobalSection(SolutionConfigurationPlatforms) = preSolution
		Debug|Any CPU = Debug|Any CPU
		Release|Any CPU = Release|Any CPU
	EndGlobalSection
	GlobalSection(ProjectConfigurationPlatforms) = postSolution
		{B9139FD5-29CB-4E17-B38D-5463464229AF}.Debug|Any CPU.ActiveCfg = Debug|Any CPU
		{B9139FD5-29CB-4E17-B38D-5463464229AF}.Debug|Any CPU.Build.0 = Debug|Any CPU
		{B9139FD5-29CB-4E17-B38D-5463464229AF}.Release|Any CPU.ActiveCfg = Release|Any CPU
		{B9139FD5-29CB-4E17-B38D-5463464229AF}.Release|Any CPU.Build.0 = Release|Any CPU
		{C01A8749-B06F-4C87-83E8-9B3B647AA242}.Debug|Any CPU.ActiveCfg = Debug|Any CPU
		{C01A8749-B06F-4C87-83E8-9B3B647AA242}.Debug|Any CPU.Build.0 = Debug|Any CPU
		{C01A8749-B06F-4C87-83E8-9B3B647AA242}.Release|Any CPU.ActiveCfg = Release|Any CPU
		{C01A8749-B06F-4C87-83E8-9B3B647AA242}.Release|Any CPU.Build.0 = Release|Any CPU
	EndGlobalSection
	GlobalSection(SolutionProperties) = preSolution
		HideSolutionNode = FALSE
	EndGlobalSection
	GlobalSection(ExtensibilityGlobals) = postSolution
		SolutionGuid = {A5E536CC-902A-4DC5-94A7-70A78949608E}
	EndGlobalSection
EndGlobal
